
Microsoft Visual Studio Solution File, Format Version 12.00
Project("{FAE04EC0-301F-11D3-BF4B-00C04F79EFBC}") = "Teracura.AbstractSort.Logic", "Teracura.AbstractSort.Logic\Teracura.AbstractSort.Logic.csproj", "{3C23CBE8-132D-457D-B82C-0E2F36B3F69F}"
EndProject
Project("{FAE04EC0-301F-11D3-BF4B-00C04F79EFBC}") = "Teracura.AbstractSort.Tests", "Teracura.AbstractSort.Tests\Teracura.AbstractSort.Tests.csproj", "{54D7DE68-E5E0-4563-8326-2B395786A4EB}"
EndProject
Global
	GlobalSection(SolutionConfigurationPlatforms) = preSolution
		Debug|Any CPU = Debug|Any CPU
		Release|Any CPU = Release|Any CPU
	EndGlobalSection
	GlobalSection(ProjectConfigurationPlatforms) = postSolution
		{3C23CBE8-132D-457D-B82C-0E2F36B3F69F}.Debug|Any CPU.ActiveCfg = Debug|Any CPU
		{3C23CBE8-132D-457D-B82C-0E2F36B3F69F}.Debug|Any CPU.Build.0 = Debug|Any CPU
		{3C23CBE8-132D-457D-B82C-0E2F36B3F69F}.Release|Any CPU.ActiveCfg = Release|Any CPU
		{3C23CBE8-132D-457D-B82C-0E2F36B3F69F}.Release|Any CPU.Build.0 = Release|Any CPU
		{54D7DE68-E5E0-4563-8326-2B395786A4EB}.Debug|Any CPU.ActiveCfg = Debug|Any CPU
		{54D7DE68-E5E0-4563-8326-2B395786A4EB}.Debug|Any CPU.Build.0 = Debug|Any CPU
		{54D7DE68-E5E0-4563-8326-2B395786A4EB}.Release|Any CPU.ActiveCfg = Release|Any CPU
		{54D7DE68-E5E0-4563-8326-2B395786A4EB}.Release|Any CPU.Build.0 = Release|Any CPU
	EndGlobalSection
EndGlobal
